
Microsoft Visual Studio Solution File, Format Version 12.00
# Visual Studio Version 16
VisualStudioVersion = 16.0.30114.105
MinimumVisualStudioVersion = 10.0.40219.1
Project("{FAE04EC0-301F-11D3-BF4B-00C04F79EFBC}") = "Desencanto", "Desencanto\Desencanto.csproj", "{EA97B5DB-E5F4-4757-9375-48C33F22EF21}"
EndProject
Global
	GlobalSection(SolutionConfigurationPlatforms) = preSolution
		Debug|Any CPU = Debug|Any CPU
		Release|Any CPU = Release|Any CPU
	EndGlobalSection
	GlobalSection(SolutionProperties) = preSolution
		HideSolutionNode = FALSE
	EndGlobalSection
	GlobalSection(ProjectConfigurationPlatforms) = postSolution
		{EA97B5DB-E5F4-4757-9375-48C33F22EF21}.Debug|Any CPU.ActiveCfg = Debug|Any CPU
		{EA97B5DB-E5F4-4757-9375-48C33F22EF21}.Debug|Any CPU.Build.0 = Debug|Any CPU
		{EA97B5DB-E5F4-4757-9375-48C33F22EF21}.Release|Any CPU.ActiveCfg = Release|Any CPU
		{EA97B5DB-E5F4-4757-9375-48C33F22EF21}.Release|Any CPU.Build.0 = Release|Any CPU
	EndGlobalSection
EndGlobal
